
Microsoft Visual Studio Solution File, Format Version 12.00
# Visual Studio 15
VisualStudioVersion = 15.0.28307.1913
MinimumVisualStudioVersion = 10.0.40219.1
Project("{888888A0-9F3D-457C-B088-3A5042F75D52}") = "tensorflow_day1", "tensorflow_day1\tensorflow_day1.pyproj", "{20D4112D-C4EE-4D7A-A7F6-56C4C270D91C}"
EndProject
Global
	GlobalSection(SolutionConfigurationPlatforms) = preSolution
		Debug|Any CPU = Debug|Any CPU
		Release|Any CPU = Release|Any CPU
	EndGlobalSection
	GlobalSection(ProjectConfigurationPlatforms) = postSolution
		{20D4112D-C4EE-4D7A-A7F6-56C4C270D91C}.Debug|Any CPU.ActiveCfg = Debug|Any CPU
		{20D4112D-C4EE-4D7A-A7F6-56C4C270D91C}.Release|Any CPU.ActiveCfg = Release|Any CPU
	EndGlobalSection
	GlobalSection(SolutionProperties) = preSolution
		HideSolutionNode = FALSE
	EndGlobalSection
	GlobalSection(ExtensibilityGlobals) = postSolution
		SolutionGuid = {7B57D09C-E156-406F-A3C1-8272E1E994AE}
	EndGlobalSection
EndGlobal
