
Microsoft Visual Studio Solution File, Format Version 12.00
# Visual Studio 15
VisualStudioVersion = 15.0.28307.1913
MinimumVisualStudioVersion = 10.0.40219.1
Project("{888888A0-9F3D-457C-B088-3A5042F75D52}") = "tenserflow_train", "tenserflow_train\tenserflow_train.pyproj", "{20CDBFC6-BA29-4F6D-93C9-A1A9CE93D310}"
EndProject
Global
	GlobalSection(SolutionConfigurationPlatforms) = preSolution
		Debug|Any CPU = Debug|Any CPU
		Release|Any CPU = Release|Any CPU
	EndGlobalSection
	GlobalSection(ProjectConfigurationPlatforms) = postSolution
		{20CDBFC6-BA29-4F6D-93C9-A1A9CE93D310}.Debug|Any CPU.ActiveCfg = Debug|Any CPU
		{20CDBFC6-BA29-4F6D-93C9-A1A9CE93D310}.Release|Any CPU.ActiveCfg = Release|Any CPU
	EndGlobalSection
	GlobalSection(SolutionProperties) = preSolution
		HideSolutionNode = FALSE
	EndGlobalSection
	GlobalSection(ExtensibilityGlobals) = postSolution
		SolutionGuid = {3855187B-A2D5-4E84-916B-268DA1F2B52A}
	EndGlobalSection
EndGlobal
