
Microsoft Visual Studio Solution File, Format Version 12.00
# Visual Studio 15
VisualStudioVersion = 15.0.28307.1913
MinimumVisualStudioVersion = 10.0.40219.1
Project("{888888A0-9F3D-457C-B088-3A5042F75D52}") = "numpy_training", "numpy_training\numpy_training.pyproj", "{1C1A5E34-8417-45BC-B453-88F2D424628A}"
EndProject
Global
	GlobalSection(SolutionConfigurationPlatforms) = preSolution
		Debug|Any CPU = Debug|Any CPU
		Release|Any CPU = Release|Any CPU
	EndGlobalSection
	GlobalSection(ProjectConfigurationPlatforms) = postSolution
		{1C1A5E34-8417-45BC-B453-88F2D424628A}.Debug|Any CPU.ActiveCfg = Debug|Any CPU
		{1C1A5E34-8417-45BC-B453-88F2D424628A}.Release|Any CPU.ActiveCfg = Release|Any CPU
	EndGlobalSection
	GlobalSection(SolutionProperties) = preSolution
		HideSolutionNode = FALSE
	EndGlobalSection
	GlobalSection(ExtensibilityGlobals) = postSolution
		SolutionGuid = {479B63F6-F0A5-4CC7-B65C-0F253A1DE6E4}
	EndGlobalSection
EndGlobal
